// !$*UTF8*$!
{
	archiveVersion = 1;
	classes = {
	};
	objectVersion = 56;
	objects = {

/* Begin PBXBuildFile section */
		BF054CF728F6EC7800AB0020 /* LearningSwiftUIApp.swift in Sources */ = {isa = PBXBuildFile; fileRef = BF054CF628F6EC7800AB0020 /* LearningSwiftUIApp.swift */; };
		BF054CF928F6EC7800AB0020 /* ContentView.swift in Sources */ = {isa = PBXBuildFile; fileRef = BF054CF828F6EC7800AB0020 /* ContentView.swift */; };
		BF054CFB28F6EC7900AB0020 /* Assets.xcassets in Resources */ = {isa = PBXBuildFile; fileRef = BF054CFA28F6EC7900AB0020 /* Assets.xcassets */; };
		BF054CFE28F6EC7900AB0020 /* Preview Assets.xcassets in Resources */ = {isa = PBXBuildFile; fileRef = BF054CFD28F6EC7900AB0020 /* Preview Assets.xcassets */; };
		BF054D0528F6F48000AB0020 /* CircleImage.swift in Sources */ = {isa = PBXBuildFile; fileRef = BF054D0428F6F48000AB0020 /* CircleImage.swift */; };
		BF054D0728F6F50E00AB0020 /* MapView.swift in Sources */ = {isa = PBXBuildFile; fileRef = BF054D0628F6F50E00AB0020 /* MapView.swift */; };
		BF054D0928F6F70D00AB0020 /* landmarkData.json in Resources */ = {isa = PBXBuildFile; fileRef = BF054D0828F6F70D00AB0020 /* landmarkData.json */; };
		BF054D0B28F6F71D00AB0020 /* Landmark.swift in Sources */ = {isa = PBXBuildFile; fileRef = BF054D0A28F6F71D00AB0020 /* Landmark.swift */; };
		BF054D0D28F6F7BD00AB0020 /* ModelData.swift in Sources */ = {isa = PBXBuildFile; fileRef = BF054D0C28F6F7BD00AB0020 /* ModelData.swift */; };
		BF054D1228F6F92A00AB0020 /* LandmarkRow.swift in Sources */ = {isa = PBXBuildFile; fileRef = BF054D1128F6F92A00AB0020 /* LandmarkRow.swift */; };
		BF054D1428F6F9FC00AB0020 /* LandmarkList.swift in Sources */ = {isa = PBXBuildFile; fileRef = BF054D1328F6F9FC00AB0020 /* LandmarkList.swift */; };
		BF054D1628F6FAD900AB0020 /* LandmarkDetail.swift in Sources */ = {isa = PBXBuildFile; fileRef = BF054D1528F6FAD900AB0020 /* LandmarkDetail.swift */; };
		BF054D1828F702A500AB0020 /* FavoriteButton.swift in Sources */ = {isa = PBXBuildFile; fileRef = BF054D1728F702A500AB0020 /* FavoriteButton.swift */; };
		BF054D1C28F704E700AB0020 /* HexagonParameters.swift in Sources */ = {isa = PBXBuildFile; fileRef = BF054D1B28F704E700AB0020 /* HexagonParameters.swift */; };
		BF054D1E28F7053800AB0020 /* BadgeBackground.swift in Sources */ = {isa = PBXBuildFile; fileRef = BF054D1D28F7053800AB0020 /* BadgeBackground.swift */; };
		BF054D2028F706A800AB0020 /* BadgeSymbol.swift in Sources */ = {isa = PBXBuildFile; fileRef = BF054D1F28F706A800AB0020 /* BadgeSymbol.swift */; };
		BF054D2228F7070F00AB0020 /* RotatedBadgeSymbol.swift in Sources */ = {isa = PBXBuildFile; fileRef = BF054D2128F7070F00AB0020 /* RotatedBadgeSymbol.swift */; };
		BF054D2428F7077000AB0020 /* Badge.swift in Sources */ = {isa = PBXBuildFile; fileRef = BF054D2328F7077000AB0020 /* Badge.swift */; };
/* End PBXBuildFile section */

/* Begin PBXFileReference section */
		BF054CF328F6EC7800AB0020 /* LearningSwiftUI.app */ = {isa = PBXFileReference; explicitFileType = wrapper.application; includeInIndex = 0; path = LearningSwiftUI.app; sourceTree = BUILT_PRODUCTS_DIR; };
		BF054CF628F6EC7800AB0020 /* LearningSwiftUIApp.swift */ = {isa = PBXFileReference; lastKnownFileType = sourcecode.swift; path = LearningSwiftUIApp.swift; sourceTree = "<group>"; };
		BF054CF828F6EC7800AB0020 /* ContentView.swift */ = {isa = PBXFileReference; lastKnownFileType = sourcecode.swift; path = ContentView.swift; sourceTree = "<group>"; };
		BF054CFA28F6EC7900AB0020 /* Assets.xcassets */ = {isa = PBXFileReference; lastKnownFileType = folder.assetcatalog; path = Assets.xcassets; sourceTree = "<group>"; };
		BF054CFD28F6EC7900AB0020 /* Preview Assets.xcassets */ = {isa = PBXFileReference; lastKnownFileType = folder.assetcatalog; path = "Preview Assets.xcassets"; sourceTree = "<group>"; };
		BF054D0428F6F48000AB0020 /* CircleImage.swift */ = {isa = PBXFileReference; lastKnownFileType = sourcecode.swift; path = CircleImage.swift; sourceTree = "<group>"; };
		BF054D0628F6F50E00AB0020 /* MapView.swift */ = {isa = PBXFileReference; lastKnownFileType = sourcecode.swift; path = MapView.swift; sourceTree = "<group>"; };
		BF054D0828F6F70D00AB0020 /* landmarkData.json */ = {isa = PBXFileReference; fileEncoding = 4; lastKnownFileType = text.json; path = landmarkData.json; sourceTree = "<group>"; };
		BF054D0A28F6F71D00AB0020 /* Landmark.swift */ = {isa = PBXFileReference; lastKnownFileType = sourcecode.swift; path = Landmark.swift; sourceTree = "<group>"; };
		BF054D0C28F6F7BD00AB0020 /* ModelData.swift */ = {isa = PBXFileReference; lastKnownFileType = sourcecode.swift; path = ModelData.swift; sourceTree = "<group>"; };
		BF054D1128F6F92A00AB0020 /* LandmarkRow.swift */ = {isa = PBXFileReference; lastKnownFileType = sourcecode.swift; path = LandmarkRow.swift; sourceTree = "<group>"; };
		BF054D1328F6F9FC00AB0020 /* LandmarkList.swift */ = {isa = PBXFileReference; lastKnownFileType = sourcecode.swift; path = LandmarkList.swift; sourceTree = "<group>"; };
		BF054D1528F6FAD900AB0020 /* LandmarkDetail.swift */ = {isa = PBXFileReference; lastKnownFileType = sourcecode.swift; path = LandmarkDetail.swift; sourceTree = "<group>"; };
		BF054D1728F702A500AB0020 /* FavoriteButton.swift */ = {isa = PBXFileReference; lastKnownFileType = sourcecode.swift; path = FavoriteButton.swift; sourceTree = "<group>"; };
		BF054D1B28F704E700AB0020 /* HexagonParameters.swift */ = {isa = PBXFileReference; lastKnownFileType = sourcecode.swift; path = HexagonParameters.swift; sourceTree = "<group>"; };
		BF054D1D28F7053800AB0020 /* BadgeBackground.swift */ = {isa = PBXFileReference; lastKnownFileType = sourcecode.swift; path = BadgeBackground.swift; sourceTree = "<group>"; };
		BF054D1F28F706A800AB0020 /* BadgeSymbol.swift */ = {isa = PBXFileReference; lastKnownFileType = sourcecode.swift; path = BadgeSymbol.swift; sourceTree = "<group>"; };
		BF054D2128F7070F00AB0020 /* RotatedBadgeSymbol.swift */ = {isa = PBXFileReference; lastKnownFileType = sourcecode.swift; path = RotatedBadgeSymbol.swift; sourceTree = "<group>"; };
		BF054D2328F7077000AB0020 /* Badge.swift */ = {isa = PBXFileReference; lastKnownFileType = sourcecode.swift; path = Badge.swift; sourceTree = "<group>"; };
/* End PBXFileReference section */

/* Begin PBXFrameworksBuildPhase section */
		BF054CF028F6EC7800AB0020 /* Frameworks */ = {
			isa = PBXFrameworksBuildPhase;
			buildActionMask = 2147483647;
			files = (
			);
			runOnlyForDeploymentPostprocessing = 0;
		};
/* End PBXFrameworksBuildPhase section */

/* Begin PBXGroup section */
		BF054CEA28F6EC7800AB0020 = {
			isa = PBXGroup;
			children = (
				BF054CF528F6EC7800AB0020 /* LearningSwiftUI */,
				BF054CF428F6EC7800AB0020 /* Products */,
			);
			sourceTree = "<group>";
		};
		BF054CF428F6EC7800AB0020 /* Products */ = {
			isa = PBXGroup;
			children = (
				BF054CF328F6EC7800AB0020 /* LearningSwiftUI.app */,
			);
			name = Products;
			sourceTree = "<group>";
		};
		BF054CF528F6EC7800AB0020 /* LearningSwiftUI */ = {
			isa = PBXGroup;
			children = (
				BF054CF628F6EC7800AB0020 /* LearningSwiftUIApp.swift */,
				BF054D0E28F6F8AB00AB0020 /* Views */,
				BF054D0F28F6F8BE00AB0020 /* Model */,
				BF054D1028F6F8D300AB0020 /* Resources */,
				BF054CFA28F6EC7900AB0020 /* Assets.xcassets */,
				BF054CFC28F6EC7900AB0020 /* Preview Content */,
			);
			path = LearningSwiftUI;
			sourceTree = "<group>";
		};
		BF054CFC28F6EC7900AB0020 /* Preview Content */ = {
			isa = PBXGroup;
			children = (
				BF054CFD28F6EC7900AB0020 /* Preview Assets.xcassets */,
			);
			path = "Preview Content";
			sourceTree = "<group>";
		};
		BF054D0E28F6F8AB00AB0020 /* Views */ = {
			isa = PBXGroup;
			children = (
				BF054CF828F6EC7800AB0020 /* ContentView.swift */,
				BF054D1928F7034F00AB0020 /* Landmarks */,
				BF054D2528F707FD00AB0020 /* Badges */,
				BF054D1A28F7035D00AB0020 /* Helpers */,
			);
			path = Views;
			sourceTree = "<group>";
		};
		BF054D0F28F6F8BE00AB0020 /* Model */ = {
			isa = PBXGroup;
			children = (
				BF054D0A28F6F71D00AB0020 /* Landmark.swift */,
				BF054D0C28F6F7BD00AB0020 /* ModelData.swift */,
			);
			path = Model;
			sourceTree = "<group>";
		};
		BF054D1028F6F8D300AB0020 /* Resources */ = {
			isa = PBXGroup;
			children = (
				BF054D0828F6F70D00AB0020 /* landmarkData.json */,
			);
			path = Resources;
			sourceTree = "<group>";
		};
		BF054D1928F7034F00AB0020 /* Landmarks */ = {
			isa = PBXGroup;
			children = (
				BF054D1328F6F9FC00AB0020 /* LandmarkList.swift */,
				BF054D1128F6F92A00AB0020 /* LandmarkRow.swift */,
				BF054D1528F6FAD900AB0020 /* LandmarkDetail.swift */,
			);
			path = Landmarks;
			sourceTree = "<group>";
		};
		BF054D1A28F7035D00AB0020 /* Helpers */ = {
			isa = PBXGroup;
			children = (
				BF054D0428F6F48000AB0020 /* CircleImage.swift */,
				BF054D0628F6F50E00AB0020 /* MapView.swift */,
				BF054D1728F702A500AB0020 /* FavoriteButton.swift */,
			);
			path = Helpers;
			sourceTree = "<group>";
		};
		BF054D2528F707FD00AB0020 /* Badges */ = {
			isa = PBXGroup;
			children = (
				BF054D2328F7077000AB0020 /* Badge.swift */,
				BF054D1D28F7053800AB0020 /* BadgeBackground.swift */,
				BF054D1F28F706A800AB0020 /* BadgeSymbol.swift */,
				BF054D2128F7070F00AB0020 /* RotatedBadgeSymbol.swift */,
				BF054D1B28F704E700AB0020 /* HexagonParameters.swift */,
			);
			path = Badges;
			sourceTree = "<group>";
		};
/* End PBXGroup section */

/* Begin PBXNativeTarget section */
		BF054CF228F6EC7800AB0020 /* LearningSwiftUI */ = {
			isa = PBXNativeTarget;
			buildConfigurationList = BF054D0128F6EC7900AB0020 /* Build configuration list for PBXNativeTarget "LearningSwiftUI" */;
			buildPhases = (
				BF054CEF28F6EC7800AB0020 /* Sources */,
				BF054CF028F6EC7800AB0020 /* Frameworks */,
				BF054CF128F6EC7800AB0020 /* Resources */,
			);
			buildRules = (
			);
			dependencies = (
			);
			name = LearningSwiftUI;
			productName = LearningSwiftUI;
			productReference = BF054CF328F6EC7800AB0020 /* LearningSwiftUI.app */;
			productType = "com.apple.product-type.application";
		};
/* End PBXNativeTarget section */

/* Begin PBXProject section */
		BF054CEB28F6EC7800AB0020 /* Project object */ = {
			isa = PBXProject;
			attributes = {
				BuildIndependentTargetsInParallel = 1;
				LastSwiftUpdateCheck = 1400;
				LastUpgradeCheck = 1400;
				TargetAttributes = {
					BF054CF228F6EC7800AB0020 = {
						CreatedOnToolsVersion = 14.0;
					};
				};
			};
			buildConfigurationList = BF054CEE28F6EC7800AB0020 /* Build configuration list for PBXProject "LearningSwiftUI" */;
			compatibilityVersion = "Xcode 14.0";
			developmentRegion = en;
			hasScannedForEncodings = 0;
			knownRegions = (
				en,
				Base,
			);
			mainGroup = BF054CEA28F6EC7800AB0020;
			productRefGroup = BF054CF428F6EC7800AB0020 /* Products */;
			projectDirPath = "";
			projectRoot = "";
			targets = (
				BF054CF228F6EC7800AB0020 /* LearningSwiftUI */,
			);
		};
/* End PBXProject section */

/* Begin PBXResourcesBuildPhase section */
		BF054CF128F6EC7800AB0020 /* Resources */ = {
			isa = PBXResourcesBuildPhase;
			buildActionMask = 2147483647;
			files = (
				BF054CFE28F6EC7900AB0020 /* Preview Assets.xcassets in Resources */,
				BF054CFB28F6EC7900AB0020 /* Assets.xcassets in Resources */,
				BF054D0928F6F70D00AB0020 /* landmarkData.json in Resources */,
			);
			runOnlyForDeploymentPostprocessing = 0;
		};
/* End PBXResourcesBuildPhase section */

/* Begin PBXSourcesBuildPhase section */
		BF054CEF28F6EC7800AB0020 /* Sources */ = {
			isa = PBXSourcesBuildPhase;
			buildActionMask = 2147483647;
			files = (
				BF054CF928F6EC7800AB0020 /* ContentView.swift in Sources */,
				BF054D2428F7077000AB0020 /* Badge.swift in Sources */,
				BF054D0728F6F50E00AB0020 /* MapView.swift in Sources */,
				BF054D1628F6FAD900AB0020 /* LandmarkDetail.swift in Sources */,
				BF054D1828F702A500AB0020 /* FavoriteButton.swift in Sources */,
				BF054D1C28F704E700AB0020 /* HexagonParameters.swift in Sources */,
				BF054D2228F7070F00AB0020 /* RotatedBadgeSymbol.swift in Sources */,
				BF054D2028F706A800AB0020 /* BadgeSymbol.swift in Sources */,
				BF054CF728F6EC7800AB0020 /* LearningSwiftUIApp.swift in Sources */,
				BF054D1428F6F9FC00AB0020 /* LandmarkList.swift in Sources */,
				BF054D1E28F7053800AB0020 /* BadgeBackground.swift in Sources */,
				BF054D0528F6F48000AB0020 /* CircleImage.swift in Sources */,
				BF054D0B28F6F71D00AB0020 /* Landmark.swift in Sources */,
				BF054D1228F6F92A00AB0020 /* LandmarkRow.swift in Sources */,
				BF054D0D28F6F7BD00AB0020 /* ModelData.swift in Sources */,
			);
			runOnlyForDeploymentPostprocessing = 0;
		};
/* End PBXSourcesBuildPhase section */

/* Begin XCBuildConfiguration section */
		BF054CFF28F6EC7900AB0020 /* Debug */ = {
			isa = XCBuildConfiguration;
			buildSettings = {
				ALWAYS_SEARCH_USER_PATHS = NO;
				CLANG_ANALYZER_NONNULL = YES;
				CLANG_ANALYZER_NUMBER_OBJECT_CONVERSION = YES_AGGRESSIVE;
				CLANG_CXX_LANGUAGE_STANDARD = "gnu++20";
				CLANG_ENABLE_MODULES = YES;
				CLANG_ENABLE_OBJC_ARC = YES;
				CLANG_ENABLE_OBJC_WEAK = YES;
				CLANG_WARN_BLOCK_CAPTURE_AUTORELEASING = YES;
				CLANG_WARN_BOOL_CONVERSION = YES;
				CLANG_WARN_COMMA = YES;
				CLANG_WARN_CONSTANT_CONVERSION = YES;
				CLANG_WARN_DEPRECATED_OBJC_IMPLEMENTATIONS = YES;
				CLANG_WARN_DIRECT_OBJC_ISA_USAGE = YES_ERROR;
				CLANG_WARN_DOCUMENTATION_COMMENTS = YES;
				CLANG_WARN_EMPTY_BODY = YES;
				CLANG_WARN_ENUM_CONVERSION = YES;
				CLANG_WARN_INFINITE_RECURSION = YES;
				CLANG_WARN_INT_CONVERSION = YES;
				CLANG_WARN_NON_LITERAL_NULL_CONVERSION = YES;
				CLANG_WARN_OBJC_IMPLICIT_RETAIN_SELF = YES;
				CLANG_WARN_OBJC_LITERAL_CONVERSION = YES;
				CLANG_WARN_OBJC_ROOT_CLASS = YES_ERROR;
				CLANG_WARN_QUOTED_INCLUDE_IN_FRAMEWORK_HEADER = YES;
				CLANG_WARN_RANGE_LOOP_ANALYSIS = YES;
				CLANG_WARN_STRICT_PROTOTYPES = YES;
				CLANG_WARN_SUSPICIOUS_MOVE = YES;
				CLANG_WARN_UNGUARDED_AVAILABILITY = YES_AGGRESSIVE;
				CLANG_WARN_UNREACHABLE_CODE = YES;
				CLANG_WARN__DUPLICATE_METHOD_MATCH = YES;
				COPY_PHASE_STRIP = NO;
				DEBUG_INFORMATION_FORMAT = dwarf;
				ENABLE_STRICT_OBJC_MSGSEND = YES;
				ENABLE_TESTABILITY = YES;
				GCC_C_LANGUAGE_STANDARD = gnu11;
				GCC_DYNAMIC_NO_PIC = NO;
				GCC_NO_COMMON_BLOCKS = YES;
				GCC_OPTIMIZATION_LEVEL = 0;
				GCC_PREPROCESSOR_DEFINITIONS = (
					"DEBUG=1",
					"$(inherited)",
				);
				GCC_WARN_64_TO_32_BIT_CONVERSION = YES;
				GCC_WARN_ABOUT_RETURN_TYPE = YES_ERROR;
				GCC_WARN_UNDECLARED_SELECTOR = YES;
				GCC_WARN_UNINITIALIZED_AUTOS = YES_AGGRESSIVE;
				GCC_WARN_UNUSED_FUNCTION = YES;
				GCC_WARN_UNUSED_VARIABLE = YES;
				IPHONEOS_DEPLOYMENT_TARGET = 16.0;
				MTL_ENABLE_DEBUG_INFO = INCLUDE_SOURCE;
				MTL_FAST_MATH = YES;
				ONLY_ACTIVE_ARCH = YES;
				SDKROOT = iphoneos;
				SWIFT_ACTIVE_COMPILATION_CONDITIONS = DEBUG;
				SWIFT_OPTIMIZATION_LEVEL = "-Onone";
			};
			name = Debug;
		};
		BF054D0028F6EC7900AB0020 /* Release */ = {
			isa = XCBuildConfiguration;
			buildSettings = {
				ALWAYS_SEARCH_USER_PATHS = NO;
				CLANG_ANALYZER_NONNULL = YES;
				CLANG_ANALYZER_NUMBER_OBJECT_CONVERSION = YES_AGGRESSIVE;
				CLANG_CXX_LANGUAGE_STANDARD = "gnu++20";
				CLANG_ENABLE_MODULES = YES;
				CLANG_ENABLE_OBJC_ARC = YES;
				CLANG_ENABLE_OBJC_WEAK = YES;
				CLANG_WARN_BLOCK_CAPTURE_AUTORELEASING = YES;
				CLANG_WARN_BOOL_CONVERSION = YES;
				CLANG_WARN_COMMA = YES;
				CLANG_WARN_CONSTANT_CONVERSION = YES;
				CLANG_WARN_DEPRECATED_OBJC_IMPLEMENTATIONS = YES;
				CLANG_WARN_DIRECT_OBJC_ISA_USAGE = YES_ERROR;
				CLANG_WARN_DOCUMENTATION_COMMENTS = YES;
				CLANG_WARN_EMPTY_BODY = YES;
				CLANG_WARN_ENUM_CONVERSION = YES;
				CLANG_WARN_INFINITE_RECURSION = YES;
				CLANG_WARN_INT_CONVERSION = YES;
				CLANG_WARN_NON_LITERAL_NULL_CONVERSION = YES;
				CLANG_WARN_OBJC_IMPLICIT_RETAIN_SELF = YES;
				CLANG_WARN_OBJC_LITERAL_CONVERSION = YES;
				CLANG_WARN_OBJC_ROOT_CLASS = YES_ERROR;
				CLANG_WARN_QUOTED_INCLUDE_IN_FRAMEWORK_HEADER = YES;
				CLANG_WARN_RANGE_LOOP_ANALYSIS = YES;
				CLANG_WARN_STRICT_PROTOTYPES = YES;
				CLANG_WARN_SUSPICIOUS_MOVE = YES;
				CLANG_WARN_UNGUARDED_AVAILABILITY = YES_AGGRESSIVE;
				CLANG_WARN_UNREACHABLE_CODE = YES;
				CLANG_WARN__DUPLICATE_METHOD_MATCH = YES;
				COPY_PHASE_STRIP = NO;
				DEBUG_INFORMATION_FORMAT = "dwarf-with-dsym";
				ENABLE_NS_ASSERTIONS = NO;
				ENABLE_STRICT_OBJC_MSGSEND = YES;
				GCC_C_LANGUAGE_STANDARD = gnu11;
				GCC_NO_COMMON_BLOCKS = YES;
				GCC_WARN_64_TO_32_BIT_CONVERSION = YES;
				GCC_WARN_ABOUT_RETURN_TYPE = YES_ERROR;
				GCC_WARN_UNDECLARED_SELECTOR = YES;
				GCC_WARN_UNINITIALIZED_AUTOS = YES_AGGRESSIVE;
				GCC_WARN_UNUSED_FUNCTION = YES;
				GCC_WARN_UNUSED_VARIABLE = YES;
				IPHONEOS_DEPLOYMENT_TARGET = 16.0;
				MTL_ENABLE_DEBUG_INFO = NO;
				MTL_FAST_MATH = YES;
				SDKROOT = iphoneos;
				SWIFT_COMPILATION_MODE = wholemodule;
				SWIFT_OPTIMIZATION_LEVEL = "-O";
				VALIDATE_PRODUCT = YES;
			};
			name = Release;
		};
		BF054D0228F6EC7900AB0020 /* Debug */ = {
			isa = XCBuildConfiguration;
			buildSettings = {
				ASSETCATALOG_COMPILER_APPICON_NAME = AppIcon;
				ASSETCATALOG_COMPILER_GLOBAL_ACCENT_COLOR_NAME = AccentColor;
				CODE_SIGN_STYLE = Automatic;
				CURRENT_PROJECT_VERSION = 1;
				DEVELOPMENT_ASSET_PATHS = "\"LearningSwiftUI/Preview Content\"";
				DEVELOPMENT_TEAM = X7PX2RYRJL;
				ENABLE_PREVIEWS = YES;
				GENERATE_INFOPLIST_FILE = YES;
				INFOPLIST_KEY_UIApplicationSceneManifest_Generation = YES;
				INFOPLIST_KEY_UIApplicationSupportsIndirectInputEvents = YES;
				INFOPLIST_KEY_UILaunchScreen_Generation = YES;
				INFOPLIST_KEY_UISupportedInterfaceOrientations_iPad = "UIInterfaceOrientationPortrait UIInterfaceOrientationPortraitUpsideDown UIInterfaceOrientationLandscapeLeft UIInterfaceOrientationLandscapeRight";
				INFOPLIST_KEY_UISupportedInterfaceOrientations_iPhone = "UIInterfaceOrientationPortrait UIInterfaceOrientationLandscapeLeft UIInterfaceOrientationLandscapeRight";
				LD_RUNPATH_SEARCH_PATHS = (
					"$(inherited)",
					"@executable_path/Frameworks",
				);
				MARKETING_VERSION = 1.0;
				PRODUCT_BUNDLE_IDENTIFIER = co.codeturnal.LearningSwiftUI;
				PRODUCT_NAME = "$(TARGET_NAME)";
				SWIFT_EMIT_LOC_STRINGS = YES;
				SWIFT_VERSION = 5.0;
				TARGETED_DEVICE_FAMILY = "1,2";
			};
			name = Debug;
		};
		BF054D0328F6EC7900AB0020 /* Release */ = {
			isa = XCBuildConfiguration;
			buildSettings = {
				ASSETCATALOG_COMPILER_APPICON_NAME = AppIcon;
				ASSETCATALOG_COMPILER_GLOBAL_ACCENT_COLOR_NAME = AccentColor;
				CODE_SIGN_STYLE = Automatic;
				CURRENT_PROJECT_VERSION = 1;
				DEVELOPMENT_ASSET_PATHS = "\"LearningSwiftUI/Preview Content\"";
				DEVELOPMENT_TEAM = X7PX2RYRJL;
				ENABLE_PREVIEWS = YES;
				GENERATE_INFOPLIST_FILE = YES;
				INFOPLIST_KEY_UIApplicationSceneManifest_Generation = YES;
				INFOPLIST_KEY_UIApplicationSupportsIndirectInputEvents = YES;
				INFOPLIST_KEY_UILaunchScreen_Generation = YES;
				INFOPLIST_KEY_UISupportedInterfaceOrientations_iPad = "UIInterfaceOrientationPortrait UIInterfaceOrientationPortraitUpsideDown UIInterfaceOrientationLandscapeLeft UIInterfaceOrientationLandscapeRight";
				INFOPLIST_KEY_UISupportedInterfaceOrientations_iPhone = "UIInterfaceOrientationPortrait UIInterfaceOrientationLandscapeLeft UIInterfaceOrientationLandscapeRight";
				LD_RUNPATH_SEARCH_PATHS = (
					"$(inherited)",
					"@executable_path/Frameworks",
				);
				MARKETING_VERSION = 1.0;
				PRODUCT_BUNDLE_IDENTIFIER = co.codeturnal.LearningSwiftUI;
				PRODUCT_NAME = "$(TARGET_NAME)";
				SWIFT_EMIT_LOC_STRINGS = YES;
				SWIFT_VERSION = 5.0;
				TARGETED_DEVICE_FAMILY = "1,2";
			};
			name = Release;
		};
/* End XCBuildConfiguration section */

/* Begin XCConfigurationList section */
		BF054CEE28F6EC7800AB0020 /* Build configuration list for PBXProject "LearningSwiftUI" */ = {
			isa = XCConfigurationList;
			buildConfigurations = (
				BF054CFF28F6EC7900AB0020 /* Debug */,
				BF054D0028F6EC7900AB0020 /* Release */,
			);
			defaultConfigurationIsVisible = 0;
			defaultConfigurationName = Release;
		};
		BF054D0128F6EC7900AB0020 /* Build configuration list for PBXNativeTarget "LearningSwiftUI" */ = {
			isa = XCConfigurationList;
			buildConfigurations = (
				BF054D0228F6EC7900AB0020 /* Debug */,
				BF054D0328F6EC7900AB0020 /* Release */,
			);
			defaultConfigurationIsVisible = 0;
			defaultConfigurationName = Release;
		};
/* End XCConfigurationList section */
	};
	rootObject = BF054CEB28F6EC7800AB0020 /* Project object */;
}
